Microsoft Visual Studio Solution File, Format Version 12.00
# Visual Studio Version 17
VisualStudioVersion = 17.5.2.0
MinimumVisualStudioVersion = 10.0.40219.1
Project("{FAE04EC0-301F-11D3-BF4B-00C04F79EFBC}") = "task-tracker-cli", "task-tracker-cli.csproj", "{8DB56DCF-A217-E3CF-586E-1B02F1E95C5A}"
EndProject
Global
	GlobalSection(SolutionConfigurationPlatforms) = preSolution
		Debug|Any CPU = Debug|Any CPU
		Release|Any CPU = Release|Any CPU
	EndGlobalSection
	GlobalSection(ProjectConfigurationPlatforms) = postSolution
		{8DB56DCF-A217-E3CF-586E-1B02F1E95C5A}.Debug|Any CPU.ActiveCfg = Debug|Any CPU
		{8DB56DCF-A217-E3CF-586E-1B02F1E95C5A}.Debug|Any CPU.Build.0 = Debug|Any CPU
		{8DB56DCF-A217-E3CF-586E-1B02F1E95C5A}.Release|Any CPU.ActiveCfg = Release|Any CPU
		{8DB56DCF-A217-E3CF-586E-1B02F1E95C5A}.Release|Any CPU.Build.0 = Release|Any CPU
	EndGlobalSection
	GlobalSection(SolutionProperties) = preSolution
		HideSolutionNode = FALSE
	EndGlobalSection
	GlobalSection(ExtensibilityGlobals) = postSolution
		SolutionGuid = {FBA66C25-14B4-4C90-B0BB-BDCC0B4B97AC}
	EndGlobalSection
EndGlobal
